
Microsoft Visual Studio Solution File, Format Version 12.00
Project("{FAE04EC0-301F-11D3-BF4B-00C04F79EFBC}") = "UDP_Client", "UDP_Client.csproj", "{494ABFDC-C655-4A65-AE80-98DCC350E99A}"
EndProject
Global
	GlobalSection(SolutionConfigurationPlatforms) = preSolution
		Debug|Any CPU = Debug|Any CPU
		Release|Any CPU = Release|Any CPU
	EndGlobalSection
	GlobalSection(ProjectConfigurationPlatforms) = postSolution
		{494ABFDC-C655-4A65-AE80-98DCC350E99A}.Debug|Any CPU.ActiveCfg = Debug|Any CPU
		{494ABFDC-C655-4A65-AE80-98DCC350E99A}.Debug|Any CPU.Build.0 = Debug|Any CPU
		{494ABFDC-C655-4A65-AE80-98DCC350E99A}.Release|Any CPU.ActiveCfg = Release|Any CPU
		{494ABFDC-C655-4A65-AE80-98DCC350E99A}.Release|Any CPU.Build.0 = Release|Any CPU
	EndGlobalSection
EndGlobal
